{
  "name": "v3-dev-transitive",
  "version": "1.0.0",
  "lockfileVersion": 3,
  "packages": {
    "": {
      "name": "v3-dev-transitive",
      "version": "1.0.0",
      "dependencies": {
        "react": "^18.0.0"
      },
      "devDependencies": {
        "jest": "^29.0.0"
      },
      "optionalDependencies": {
        "fsevents": "^2.3.2"
      }
    },
    "node_modules/react": {
      "version": "18.2.0"
    },
    "node_modules/jest": {
      "version": "29.7.0",
      "dev": true,
      "dependencies": {
        "chalk": "^4.0.0"
      }
    },
    "node_modules/chalk": {
      "version": "4.1.2",
      "dev": true,
      "dependencies": {
        "ansi-styles": "^4.1.0"
      }
    },
    "node_modules/ansi-styles": {
      "version": "4.3.0",
      "dev": true
    },
    "node_modules/fsevents": {
      "version": "2.3.3",
      "optional": true,
      "dependencies": {
        "nan": "^2.17.0"
      }
    },
    "node_modules/nan": {
      "version": "2.18.0",
      "optional": true
    }
  }
}
