lockfileVersion: '9.0'

settings:
  autoInstallPeers: true
  excludeLinksFromLockfile: false

importers:

  .:
    dependencies:
      express:
        specifier: ^4.18.0
        version: 4.18.2

packages:

  express@4.18.2:
    resolution: {integrity: sha512-express}
    engines: {node: '>= 0.10.0'}

  qs@6.11.0:
    resolution: {integrity: sha512-qs}
    engines: {node: '>=0.6'}

  side-channel@1.0.4:
    resolution: {integrity: sha512-sc}

snapshots:

  express@4.18.2:
    dependencies:
      qs: 6.11.0

  qs@6.11.0:
    dependencies:
      side-channel: 1.0.4

  side-channel@1.0.4: {}
